
Microsoft Visual Studio Solution File, Format Version 12.00
# Visual Studio Version 17
VisualStudioVersion = 17.7.34024.191
MinimumVisualStudioVersion = 10.0.40219.1
Project("{8BC9CEB8-8B4A-11D0-8D11-00A0C91BC942}") = "ConsoleApplication3", "ConsoleApplication3\ConsoleApplication3.vcxproj", "{DA1BBDE2-1E28-480D-BDF5-AE92B2B2C183}"
EndProject
Global
	GlobalSection(SolutionConfigurationPlatforms) = preSolution
		Debug|x64 = Debug|x64
		Debug|x86 = Debug|x86
		Release|x64 = Release|x64
		Release|x86 = Release|x86
	EndGlobalSection
	GlobalSection(ProjectConfigurationPlatforms) = postSolution
		{DA1BBDE2-1E28-480D-BDF5-AE92B2B2C183}.Debug|x64.ActiveCfg = Debug|x64
		{DA1BBDE2-1E28-480D-BDF5-AE92B2B2C183}.Debug|x64.Build.0 = Debug|x64
		{DA1BBDE2-1E28-480D-BDF5-AE92B2B2C183}.Debug|x86.ActiveCfg = Debug|Win32
		{DA1BBDE2-1E28-480D-BDF5-AE92B2B2C183}.Debug|x86.Build.0 = Debug|Win32
		{DA1BBDE2-1E28-480D-BDF5-AE92B2B2C183}.Release|x64.ActiveCfg = Release|x64
		{DA1BBDE2-1E28-480D-BDF5-AE92B2B2C183}.Release|x64.Build.0 = Release|x64
		{DA1BBDE2-1E28-480D-BDF5-AE92B2B2C183}.Release|x86.ActiveCfg = Release|Win32
		{DA1BBDE2-1E28-480D-BDF5-AE92B2B2C183}.Release|x86.Build.0 = Release|Win32
	EndGlobalSection
	GlobalSection(SolutionProperties) = preSolution
		HideSolutionNode = FALSE
	EndGlobalSection
	GlobalSection(ExtensibilityGlobals) = postSolution
		SolutionGuid = {48109C8B-7D68-47DF-A301-AF63622111DF}
	EndGlobalSection
EndGlobal
